<?xml version="1.0" encoding="utf-8"?>
<Project ToolsVersion="4.0" xmlns="http://schemas.microsoft.com/developer/msbuild/2003">
  <ItemGroup>
    <Filter Include="Source Files">
      <UniqueIdentifier>{4FC737F1-C7A5-4376-A066-2A32D752A2FF}</UniqueIdentifier>
      <Extensions>cpp;c;cc;cxx;def;odl;idl;hpj;bat;asm;asmx</Extensions>
    </Filter>
    <Filter Include="Header Files">
      <UniqueIdentifier>{93995380-89BD-4b04-88EB-625FBE52EBFB}</UniqueIdentifier>
      <Extensions>h;hh;hpp;hxx;hm;inl;inc;xsd</Extensions>
    </Filter>
    <Filter Include="Resource Files">
      <UniqueIdentifier>{67DA6AB6-F800-4c08-8B7A-83BB121AAD01}</UniqueIdentifier>
      <Extensions>rc;ico;cur;bmp;dlg;rc2;rct;bin;rgs;gif;jpg;jpeg;jpe;resx;tiff;tif;png;wav</Extensions>
    </Filter>
  </ItemGroup>
  <ItemGroup>
    <ClCompile Include="src\emc.cpp">
      <Filter>Source Files</Filter>
    </ClCompile>
    <ClCompile Include="src\main.cpp">
      <Filter>Source Files</Filter>
    </ClCompile>
    <ClCompile Include="src\core\cpu.cpp">
      <Filter>Source Files</Filter>
    </ClCompile>
    <ClCompile Include="src\core\interrupts.cpp">
      <Filter>Source Files</Filter>
    </ClCompile>
    <ClCompile Include="src\core\joypad.cpp">
      <Filter>Source Files</Filter>
    </ClCompile>
    <ClCompile Include="src\core\lcd_controller.cpp">
      <Filter>Source Files</Filter>
    </ClCompile>
    <ClCompile Include="src\core\memory.cpp">
      <Filter>Source Files</Filter>
    </ClCompile>
    <ClCompile Include="src\core\opcodes.cpp">
      <Filter>Source Files</Filter>
    </ClCompile>
    <ClCompile Include="src\core\pre_opcodes.cpp">
      <Filter>Source Files</Filter>
    </ClCompile>
    <ClCompile Include="src\core\registers.cpp">
      <Filter>Source Files</Filter>
    </ClCompile>
    <ClCompile Include="src\core\sound.cpp">
      <Filter>Source Files</Filter>
    </ClCompile>
    <ClCompile Include="src\core\timers.cpp">
      <Filter>Source Files</Filter>
    </ClCompile>
    <ClCompile Include="src\external\gb_snd_emu-0.1.4\Basic_Gb_Apu.cpp">
      <Filter>Source Files</Filter>
    </ClCompile>
    <ClCompile Include="src\external\gb_snd_emu-0.1.4\demo.cpp">
      <Filter>Source Files</Filter>
    </ClCompile>
    <ClCompile Include="src\external\gb_snd_emu-0.1.4\demo_sdl.cpp">
      <Filter>Source Files</Filter>
    </ClCompile>
    <ClCompile Include="src\external\gb_snd_emu-0.1.4\Sound_Queue.cpp">
      <Filter>Source Files</Filter>
    </ClCompile>
    <ClCompile Include="src\external\gb_snd_emu-0.1.4\Wave_Writer.cpp">
      <Filter>Source Files</Filter>
    </ClCompile>
    <ClCompile Include="src\external\gb_snd_emu-0.1.4\gb_apu\Blip_Buffer.cpp">
      <Filter>Source Files</Filter>
    </ClCompile>
    <ClCompile Include="src\external\gb_snd_emu-0.1.4\gb_apu\Gb_Apu.cpp">
      <Filter>Source Files</Filter>
    </ClCompile>
    <ClCompile Include="src\external\gb_snd_emu-0.1.4\gb_apu\Gb_Oscs.cpp">
      <Filter>Source Files</Filter>
    </ClCompile>
    <ClCompile Include="src\external\gb_snd_emu-0.1.4\gb_apu\Multi_Buffer.cpp">
      <Filter>Source Files</Filter>
    </ClCompile>
    <ClCompile Include="src\gui\main.cpp">
      <Filter>Source Files</Filter>
    </ClCompile>
    <ClCompile Include="src\gui\mainwindow.cpp">
      <Filter>Source Files</Filter>
    </ClCompile>
  </ItemGroup>
  <ItemGroup>
    <ClInclude Include="src\core\cpu.h">
      <Filter>Header Files</Filter>
    </ClInclude>
    <ClInclude Include="src\core\cpu_types.h">
      <Filter>Header Files</Filter>
    </ClInclude>
    <ClInclude Include="src\core\interrupts.h">
      <Filter>Header Files</Filter>
    </ClInclude>
    <ClInclude Include="src\core\joypad.h">
      <Filter>Header Files</Filter>
    </ClInclude>
    <ClInclude Include="src\core\lcd_controller.h">
      <Filter>Header Files</Filter>
    </ClInclude>
    <ClInclude Include="src\core\memory.h">
      <Filter>Header Files</Filter>
    </ClInclude>
    <ClInclude Include="src\core\opcodes.h">
      <Filter>Header Files</Filter>
    </ClInclude>
    <ClInclude Include="src\core\pre_opcodes.h">
      <Filter>Header Files</Filter>
    </ClInclude>
    <ClInclude Include="src\core\registers.h">
      <Filter>Header Files</Filter>
    </ClInclude>
    <ClInclude Include="src\core\sound.h">
      <Filter>Header Files</Filter>
    </ClInclude>
    <ClInclude Include="src\core\timers.h">
      <Filter>Header Files</Filter>
    </ClInclude>
    <ClInclude Include="src\external\gb_snd_emu-0.1.4\Basic_Gb_Apu.h">
      <Filter>Header Files</Filter>
    </ClInclude>
    <ClInclude Include="src\external\gb_snd_emu-0.1.4\Sound_Queue.h">
      <Filter>Header Files</Filter>
    </ClInclude>
    <ClInclude Include="src\external\gb_snd_emu-0.1.4\Wave_Writer.h">
      <Filter>Header Files</Filter>
    </ClInclude>
    <ClInclude Include="src\external\gb_snd_emu-0.1.4\boost\config.hpp">
      <Filter>Header Files</Filter>
    </ClInclude>
    <ClInclude Include="src\external\gb_snd_emu-0.1.4\boost\cstdint.hpp">
      <Filter>Header Files</Filter>
    </ClInclude>
    <ClInclude Include="src\external\gb_snd_emu-0.1.4\boost\static_assert.hpp">
      <Filter>Header Files</Filter>
    </ClInclude>
    <ClInclude Include="src\external\gb_snd_emu-0.1.4\gb_apu\blargg_common.h">
      <Filter>Header Files</Filter>
    </ClInclude>
    <ClInclude Include="src\external\gb_snd_emu-0.1.4\gb_apu\blargg_source.h">
      <Filter>Header Files</Filter>
    </ClInclude>
    <ClInclude Include="src\external\gb_snd_emu-0.1.4\gb_apu\Blip_Buffer.h">
      <Filter>Header Files</Filter>
    </ClInclude>
    <ClInclude Include="src\external\gb_snd_emu-0.1.4\gb_apu\Blip_Synth.h">
      <Filter>Header Files</Filter>
    </ClInclude>
    <ClInclude Include="src\external\gb_snd_emu-0.1.4\gb_apu\Gb_Apu.h">
      <Filter>Header Files</Filter>
    </ClInclude>
    <ClInclude Include="src\external\gb_snd_emu-0.1.4\gb_apu\Gb_Oscs.h">
      <Filter>Header Files</Filter>
    </ClInclude>
    <ClInclude Include="src\external\gb_snd_emu-0.1.4\gb_apu\Multi_Buffer.h">
      <Filter>Header Files</Filter>
    </ClInclude>
    <ClInclude Include="src\gui\mainwindow.h">
      <Filter>Header Files</Filter>
    </ClInclude>
  </ItemGroup>
</Project>